
Microsoft Visual Studio Solution File, Format Version 12.00
Project("{FAE04EC0-301F-11D3-BF4B-00C04F79EFBC}") = "AppThing", "AppThing\AppThing.csproj", "{81C6B36F-B337-448E-A46E-6EF65821A6A4}"
EndProject
Project("{2150E333-8FDC-42A3-9474-1A3956D46DE8}") = "External", "External", "{19E15A72-94CB-4E4C-8980-679A3373778E}"
EndProject
Project("{2150E333-8FDC-42A3-9474-1A3956D46DE8}") = "GLCS", "GLCS", "{D34272A4-5B7F-4161-827C-3B5842F81330}"
EndProject
Project("{FAE04EC0-301F-11D3-BF4B-00C04F79EFBC}") = "GLCS", "External\GLCS\GLCS\GLCS.csproj", "{C12C25B5-35B2-408F-919C-9A4FB1E5114A}"
EndProject
Project("{FAE04EC0-301F-11D3-BF4B-00C04F79EFBC}") = "GLCS.Generator", "External\GLCS\GLCS.Generator\GLCS.Generator.csproj", "{F6B00CE4-D73A-481E-A48E-A671EDCF8DD2}"
EndProject
Project("{FAE04EC0-301F-11D3-BF4B-00C04F79EFBC}") = "SDL3CS", "External\SDL3CS\SDL3CS\SDL3CS.csproj", "{719FEE39-4C9B-4167-BC1B-2458FAAF2ABD}"
EndProject
Project("{FAE04EC0-301F-11D3-BF4B-00C04F79EFBC}") = "GLCS.Managed", "External\GLCS\GLCS.Managed\GLCS.Managed.csproj", "{D0A7FA2E-CD6C-4102-AA68-D3EC2AEC550C}"
EndProject
Project("{FAE04EC0-301F-11D3-BF4B-00C04F79EFBC}") = "UtilThing", "UtilThing\UtilThing.csproj", "{49948691-2BEF-430A-9C58-E04720FC3BD8}"
EndProject
Project("{FAE04EC0-301F-11D3-BF4B-00C04F79EFBC}") = "ConsoleApp1", "ConsoleApp1\ConsoleApp1.csproj", "{21DC6DBC-4154-41A6-9DE2-A5E839E09B2E}"
EndProject
Project("{FAE04EC0-301F-11D3-BF4B-00C04F79EFBC}") = "FontThing", "FontThing\FontThing.csproj", "{F9FAAE4B-A66C-4B5F-A025-95FB9B302238}"
EndProject
Project("{FAE04EC0-301F-11D3-BF4B-00C04F79EFBC}") = "ConsoleApp2", "ConsoleApp2\ConsoleApp2.csproj", "{759AED28-9853-48B3-B0FF-5C1A3FF7F9DC}"
EndProject
Global
	GlobalSection(SolutionConfigurationPlatforms) = preSolution
		Debug|Any CPU = Debug|Any CPU
		Release|Any CPU = Release|Any CPU
	EndGlobalSection
	GlobalSection(ProjectConfigurationPlatforms) = postSolution
		{81C6B36F-B337-448E-A46E-6EF65821A6A4}.Debug|Any CPU.ActiveCfg = Debug|Any CPU
		{81C6B36F-B337-448E-A46E-6EF65821A6A4}.Debug|Any CPU.Build.0 = Debug|Any CPU
		{81C6B36F-B337-448E-A46E-6EF65821A6A4}.Release|Any CPU.ActiveCfg = Release|Any CPU
		{81C6B36F-B337-448E-A46E-6EF65821A6A4}.Release|Any CPU.Build.0 = Release|Any CPU
		{C12C25B5-35B2-408F-919C-9A4FB1E5114A}.Debug|Any CPU.ActiveCfg = Debug|Any CPU
		{C12C25B5-35B2-408F-919C-9A4FB1E5114A}.Debug|Any CPU.Build.0 = Debug|Any CPU
		{C12C25B5-35B2-408F-919C-9A4FB1E5114A}.Release|Any CPU.ActiveCfg = Release|Any CPU
		{C12C25B5-35B2-408F-919C-9A4FB1E5114A}.Release|Any CPU.Build.0 = Release|Any CPU
		{F6B00CE4-D73A-481E-A48E-A671EDCF8DD2}.Debug|Any CPU.ActiveCfg = Debug|Any CPU
		{F6B00CE4-D73A-481E-A48E-A671EDCF8DD2}.Debug|Any CPU.Build.0 = Debug|Any CPU
		{F6B00CE4-D73A-481E-A48E-A671EDCF8DD2}.Release|Any CPU.ActiveCfg = Release|Any CPU
		{F6B00CE4-D73A-481E-A48E-A671EDCF8DD2}.Release|Any CPU.Build.0 = Release|Any CPU
		{719FEE39-4C9B-4167-BC1B-2458FAAF2ABD}.Debug|Any CPU.ActiveCfg = Debug|Any CPU
		{719FEE39-4C9B-4167-BC1B-2458FAAF2ABD}.Debug|Any CPU.Build.0 = Debug|Any CPU
		{719FEE39-4C9B-4167-BC1B-2458FAAF2ABD}.Release|Any CPU.ActiveCfg = Release|Any CPU
		{719FEE39-4C9B-4167-BC1B-2458FAAF2ABD}.Release|Any CPU.Build.0 = Release|Any CPU
		{D0A7FA2E-CD6C-4102-AA68-D3EC2AEC550C}.Debug|Any CPU.ActiveCfg = Debug|Any CPU
		{D0A7FA2E-CD6C-4102-AA68-D3EC2AEC550C}.Debug|Any CPU.Build.0 = Debug|Any CPU
		{D0A7FA2E-CD6C-4102-AA68-D3EC2AEC550C}.Release|Any CPU.ActiveCfg = Release|Any CPU
		{D0A7FA2E-CD6C-4102-AA68-D3EC2AEC550C}.Release|Any CPU.Build.0 = Release|Any CPU
		{49948691-2BEF-430A-9C58-E04720FC3BD8}.Debug|Any CPU.ActiveCfg = Debug|Any CPU
		{49948691-2BEF-430A-9C58-E04720FC3BD8}.Debug|Any CPU.Build.0 = Debug|Any CPU
		{49948691-2BEF-430A-9C58-E04720FC3BD8}.Release|Any CPU.ActiveCfg = Release|Any CPU
		{49948691-2BEF-430A-9C58-E04720FC3BD8}.Release|Any CPU.Build.0 = Release|Any CPU
		{21DC6DBC-4154-41A6-9DE2-A5E839E09B2E}.Debug|Any CPU.ActiveCfg = Debug|Any CPU
		{21DC6DBC-4154-41A6-9DE2-A5E839E09B2E}.Debug|Any CPU.Build.0 = Debug|Any CPU
		{21DC6DBC-4154-41A6-9DE2-A5E839E09B2E}.Release|Any CPU.ActiveCfg = Release|Any CPU
		{21DC6DBC-4154-41A6-9DE2-A5E839E09B2E}.Release|Any CPU.Build.0 = Release|Any CPU
		{F9FAAE4B-A66C-4B5F-A025-95FB9B302238}.Debug|Any CPU.ActiveCfg = Debug|Any CPU
		{F9FAAE4B-A66C-4B5F-A025-95FB9B302238}.Debug|Any CPU.Build.0 = Debug|Any CPU
		{F9FAAE4B-A66C-4B5F-A025-95FB9B302238}.Release|Any CPU.ActiveCfg = Release|Any CPU
		{F9FAAE4B-A66C-4B5F-A025-95FB9B302238}.Release|Any CPU.Build.0 = Release|Any CPU
		{759AED28-9853-48B3-B0FF-5C1A3FF7F9DC}.Debug|Any CPU.ActiveCfg = Debug|Any CPU
		{759AED28-9853-48B3-B0FF-5C1A3FF7F9DC}.Debug|Any CPU.Build.0 = Debug|Any CPU
		{759AED28-9853-48B3-B0FF-5C1A3FF7F9DC}.Release|Any CPU.ActiveCfg = Release|Any CPU
		{759AED28-9853-48B3-B0FF-5C1A3FF7F9DC}.Release|Any CPU.Build.0 = Release|Any CPU
	EndGlobalSection
	GlobalSection(NestedProjects) = preSolution
		{D34272A4-5B7F-4161-827C-3B5842F81330} = {19E15A72-94CB-4E4C-8980-679A3373778E}
		{F6B00CE4-D73A-481E-A48E-A671EDCF8DD2} = {D34272A4-5B7F-4161-827C-3B5842F81330}
		{719FEE39-4C9B-4167-BC1B-2458FAAF2ABD} = {19E15A72-94CB-4E4C-8980-679A3373778E}
		{C12C25B5-35B2-408F-919C-9A4FB1E5114A} = {D34272A4-5B7F-4161-827C-3B5842F81330}
		{D0A7FA2E-CD6C-4102-AA68-D3EC2AEC550C} = {D34272A4-5B7F-4161-827C-3B5842F81330}
	EndGlobalSection
EndGlobal
